
Microsoft Visual Studio Solution File, Format Version 12.00
Project("{FAE04EC0-301F-11D3-BF4B-00C04F79EFBC}") = "Archipelago.BatBoy", "Archipelago.BatBoy\Archipelago.BatBoy.csproj", "{374BFEE6-A9FA-4846-8901-14CBAACFC7D4}"
EndProject
Global
	GlobalSection(SolutionConfigurationPlatforms) = preSolution
		Debug|Any CPU = Debug|Any CPU
		Release|Any CPU = Release|Any CPU
	EndGlobalSection
	GlobalSection(ProjectConfigurationPlatforms) = postSolution
		{374BFEE6-A9FA-4846-8901-14CBAACFC7D4}.Debug|Any CPU.ActiveCfg = Debug|Any CPU
		{374BFEE6-A9FA-4846-8901-14CBAACFC7D4}.Debug|Any CPU.Build.0 = Debug|Any CPU
		{374BFEE6-A9FA-4846-8901-14CBAACFC7D4}.Release|Any CPU.ActiveCfg = Release|Any CPU
		{374BFEE6-A9FA-4846-8901-14CBAACFC7D4}.Release|Any CPU.Build.0 = Release|Any CPU
	EndGlobalSection
EndGlobal
